
Microsoft Visual Studio Solution File, Format Version 12.00
# Visual Studio Version 16
VisualStudioVersion = 16.0.31702.278
MinimumVisualStudioVersion = 10.0.40219.1
Project("{FAE04EC0-301F-11D3-BF4B-00C04F79EFBC}") = "Assignment2", "Assignment2.csproj", "{04319BDE-5639-42CD-8F10-1FB2DE747A29}"
EndProject
Project("{FAE04EC0-301F-11D3-BF4B-00C04F79EFBC}") = "UnitTestAssignment2", "..\UnitTestAssignment2\UnitTestAssignment2.csproj", "{77F0E661-876C-478C-AE78-6560CE1084CD}"
EndProject
Global
	GlobalSection(SolutionConfigurationPlatforms) = preSolution
		Debug|Any CPU = Debug|Any CPU
		Release|Any CPU = Release|Any CPU
	EndGlobalSection
	GlobalSection(ProjectConfigurationPlatforms) = postSolution
		{04319BDE-5639-42CD-8F10-1FB2DE747A29}.Debug|Any CPU.ActiveCfg = Debug|Any CPU
		{04319BDE-5639-42CD-8F10-1FB2DE747A29}.Debug|Any CPU.Build.0 = Debug|Any CPU
		{04319BDE-5639-42CD-8F10-1FB2DE747A29}.Release|Any CPU.ActiveCfg = Release|Any CPU
		{04319BDE-5639-42CD-8F10-1FB2DE747A29}.Release|Any CPU.Build.0 = Release|Any CPU
		{77F0E661-876C-478C-AE78-6560CE1084CD}.Debug|Any CPU.ActiveCfg = Debug|Any CPU
		{77F0E661-876C-478C-AE78-6560CE1084CD}.Debug|Any CPU.Build.0 = Debug|Any CPU
		{77F0E661-876C-478C-AE78-6560CE1084CD}.Release|Any CPU.ActiveCfg = Release|Any CPU
		{77F0E661-876C-478C-AE78-6560CE1084CD}.Release|Any CPU.Build.0 = Release|Any CPU
	EndGlobalSection
	GlobalSection(SolutionProperties) = preSolution
		HideSolutionNode = FALSE
	EndGlobalSection
	GlobalSection(ExtensibilityGlobals) = postSolution
		SolutionGuid = {5D7B2C5E-950E-408F-9107-344B9D15812D}
	EndGlobalSection
EndGlobal
